
Microsoft Visual Studio Solution File, Format Version 12.00
# Visual Studio Version 17
VisualStudioVersion = 17.8.34330.188
MinimumVisualStudioVersion = 10.0.40219.1
Project("{FAE04EC0-301F-11D3-BF4B-00C04F79EFBC}") = "WinFormsApp1", "WinFormsApp1\WinFormsApp1.csproj", "{B40AD279-48CA-4C83-91AE-5568C1B81378}"
EndProject
Global
	GlobalSection(SolutionConfigurationPlatforms) = preSolution
		Debug|Any CPU = Debug|Any CPU
		Release|Any CPU = Release|Any CPU
	EndGlobalSection
	GlobalSection(ProjectConfigurationPlatforms) = postSolution
		{B40AD279-48CA-4C83-91AE-5568C1B81378}.Debug|Any CPU.ActiveCfg = Debug|Any CPU
		{B40AD279-48CA-4C83-91AE-5568C1B81378}.Debug|Any CPU.Build.0 = Debug|Any CPU
		{B40AD279-48CA-4C83-91AE-5568C1B81378}.Release|Any CPU.ActiveCfg = Release|Any CPU
		{B40AD279-48CA-4C83-91AE-5568C1B81378}.Release|Any CPU.Build.0 = Release|Any CPU
	EndGlobalSection
	GlobalSection(SolutionProperties) = preSolution
		HideSolutionNode = FALSE
	EndGlobalSection
	GlobalSection(ExtensibilityGlobals) = postSolution
		SolutionGuid = {AB1E0205-31F1-476D-A406-FD86F043164B}
	EndGlobalSection
EndGlobal
